{
  "version": 4,
  "terraform_version": "1.12.6",
  "serial": 2,
  "lineage": "ce9aeac6-09c6-e074-088c-bdd0c4a9fb08",
  "outputs": {},
  "resources": [
    {
      "mode": "managed",
      "type": "jetstream_stream",
      "name": "bookmarks",
      "provider": "provider[\"registry.opentofu.org/nats-io/jetstream\"]",
      "instances": [
        {
          "schema_version": 0,
          "attributes": {
            "ack": true,
            "allow_atomic": false,
            "allow_batched": false,
            "allow_direct": true,
            "allow_msg_counter": false,
            "allow_msg_schedules": false,
            "allow_msg_ttl": false,
            "allow_rollup_hdrs": false,
            "compression": "none",
            "deny_delete": false,
            "deny_purge": false,
            "description": "",
            "discard": "old",
            "discard_new_per_subject": false,
            "duplicate_window": 120,
            "first_seq": 0,
            "id": "JETSTREAM_STREAM_BOOKMARKS",
            "inactive_threshold": 0,
            "max_ack_pending": 0,
            "max_age": 0,
            "max_bytes": 1073741824,
            "max_consumers": -1,
            "max_msg_size": -1,
            "max_msgs": 1000,
            "max_msgs_per_subject": -1,
            "metadata": null,
            "mirror": [],
            "mirror_direct": null,
            "name": "BOOKMARKS",
            "persist_mode": "",
            "placement_cluster": null,
            "placement_preferred": null,
            "placement_tags": null,
            "replicas": 1,
            "republish_destination": null,
            "republish_headers_only": null,
            "republish_source": null,
            "retention": "workqueue",
            "source": [],
            "storage": "file",
            "subject_delete_marker_ttl": 0,
            "subject_transform": [],
            "subjects": [
              "bookmark.pending",
              "bookmark.completed"
            ]
          },
          "sensitive_attributes": [],
          "private": "bnVsbA=="
        }
      ]
    },
    {
      "mode": "managed",
      "type": "jetstream_stream",
      "name": "bookmarks_dlq",
      "provider": "provider[\"registry.opentofu.org/nats-io/jetstream\"]",
      "instances": [
        {
          "schema_version": 0,
          "attributes": {
            "ack": true,
            "allow_atomic": false,
            "allow_batched": false,
            "allow_direct": true,
            "allow_msg_counter": false,
            "allow_msg_schedules": false,
            "allow_msg_ttl": false,
            "allow_rollup_hdrs": false,
            "compression": "none",
            "deny_delete": false,
            "deny_purge": false,
            "description": "",
            "discard": "old",
            "discard_new_per_subject": false,
            "duplicate_window": 120,
            "first_seq": 0,
            "id": "JETSTREAM_STREAM_BOOKMARKS_DLQ",
            "inactive_threshold": 0,
            "max_ack_pending": 0,
            "max_age": 604800,
            "max_bytes": -1,
            "max_consumers": -1,
            "max_msg_size": -1,
            "max_msgs": -1,
            "max_msgs_per_subject": -1,
            "metadata": {},
            "mirror": [],
            "mirror_direct": null,
            "name": "BOOKMARKS_DLQ",
            "persist_mode": "",
            "placement_cluster": null,
            "placement_preferred": null,
            "placement_tags": null,
            "replicas": 1,
            "republish_destination": null,
            "republish_headers_only": null,
            "republish_source": null,
            "retention": "limits",
            "source": [],
            "storage": "file",
            "subject_delete_marker_ttl": 0,
            "subject_transform": [],
            "subjects": [
              "bookmark.dlq"
            ]
          },
          "sensitive_attributes": [],
          "private": "bnVsbA=="
        }
      ]
    }
  ],
  "check_results": null
}

